
Microsoft Visual Studio Solution File, Format Version 12.00
# Visual Studio Version 16
VisualStudioVersion = 16.0.30320.27
MinimumVisualStudioVersion = 10.0.40219.1
Project("{2150E333-8FDC-42A3-9474-1A3956D46DE8}") = "1 - Apresentacao", "1 - Apresentacao", "{A7F60400-833D-4D5F-8873-E698F2424BFA}"
EndProject
Project("{2150E333-8FDC-42A3-9474-1A3956D46DE8}") = "2 - Domínio", "2 - Domínio", "{642C98A9-9222-42CD-89FB-A8C8E49AE495}"
EndProject
Project("{2150E333-8FDC-42A3-9474-1A3956D46DE8}") = "3 - Comum", "3 - Comum", "{F5EBDA34-0BED-42D8-8B82-51B2AC2C4511}"
EndProject
Project("{2150E333-8FDC-42A3-9474-1A3956D46DE8}") = "4 - Testes", "4 - Testes", "{D0FCC52F-E487-4E7F-86E0-E571EC7059BF}"
EndProject
Project("{FAE04EC0-301F-11D3-BF4B-00C04F79EFBC}") = "Modelo.API", "Modelo.API\Modelo.API.csproj", "{8A24DB6E-E4D6-4ADC-B014-1C4162ACC68E}"
EndProject
Project("{F2A71F9B-5D33-465A-A702-920D77279786}") = "Modelo.Dominio", "Modelo.Dominio\Modelo.Dominio.fsproj", "{343260F2-B24F-4590-8CA5-11C8C308391C}"
EndProject
Global
	GlobalSection(SolutionConfigurationPlatforms) = preSolution
		Debug|Any CPU = Debug|Any CPU
		Release|Any CPU = Release|Any CPU
	EndGlobalSection
	GlobalSection(ProjectConfigurationPlatforms) = postSolution
		{8A24DB6E-E4D6-4ADC-B014-1C4162ACC68E}.Debug|Any CPU.ActiveCfg = Debug|Any CPU
		{8A24DB6E-E4D6-4ADC-B014-1C4162ACC68E}.Debug|Any CPU.Build.0 = Debug|Any CPU
		{8A24DB6E-E4D6-4ADC-B014-1C4162ACC68E}.Release|Any CPU.ActiveCfg = Release|Any CPU
		{8A24DB6E-E4D6-4ADC-B014-1C4162ACC68E}.Release|Any CPU.Build.0 = Release|Any CPU
		{343260F2-B24F-4590-8CA5-11C8C308391C}.Debug|Any CPU.ActiveCfg = Debug|Any CPU
		{343260F2-B24F-4590-8CA5-11C8C308391C}.Debug|Any CPU.Build.0 = Debug|Any CPU
		{343260F2-B24F-4590-8CA5-11C8C308391C}.Release|Any CPU.ActiveCfg = Release|Any CPU
		{343260F2-B24F-4590-8CA5-11C8C308391C}.Release|Any CPU.Build.0 = Release|Any CPU
	EndGlobalSection
	GlobalSection(SolutionProperties) = preSolution
		HideSolutionNode = FALSE
	EndGlobalSection
	GlobalSection(NestedProjects) = preSolution
		{8A24DB6E-E4D6-4ADC-B014-1C4162ACC68E} = {A7F60400-833D-4D5F-8873-E698F2424BFA}
		{343260F2-B24F-4590-8CA5-11C8C308391C} = {642C98A9-9222-42CD-89FB-A8C8E49AE495}
	EndGlobalSection
	GlobalSection(ExtensibilityGlobals) = postSolution
		SolutionGuid = {E7F92978-1A96-415B-83C7-9A7A684613D7}
	EndGlobalSection
EndGlobal
