
Microsoft Visual Studio Solution File, Format Version 12.00
# Visual Studio Version 16
VisualStudioVersion = 16.0.30320.27
MinimumVisualStudioVersion = 10.0.40219.1
Project("{2150E333-8FDC-42A3-9474-1A3956D46DE8}") = "1 - Apresentacao", "1 - Apresentacao", "{C3A2EC2B-5C11-4518-B0FF-6A89C1864AEA}"
EndProject
Project("{2150E333-8FDC-42A3-9474-1A3956D46DE8}") = "2 - Dominio", "2 - Dominio", "{B1448362-CB72-4782-8D39-DFB14BE44AFF}"
EndProject
Project("{2150E333-8FDC-42A3-9474-1A3956D46DE8}") = "3 - Comum", "3 - Comum", "{BDC33082-2CD9-493F-B963-D1D2C56444B7}"
EndProject
Project("{2150E333-8FDC-42A3-9474-1A3956D46DE8}") = "4 -Testes", "4 -Testes", "{820FA703-05E1-4FCF-9CBB-1A7D68264E08}"
EndProject
Global
	GlobalSection(SolutionProperties) = preSolution
		HideSolutionNode = FALSE
	EndGlobalSection
	GlobalSection(ExtensibilityGlobals) = postSolution
		SolutionGuid = {A062C97D-10AD-4B31-9D4F-0AA62497EE9D}
	EndGlobalSection
EndGlobal
